
Microsoft Visual Studio Solution File, Format Version 12.00
# Visual Studio Version 17
VisualStudioVersion = 17.6.33723.286
MinimumVisualStudioVersion = 10.0.40219.1
Project("{FAE04EC0-301F-11D3-BF4B-00C04F79EFBC}") = "App03", "App03\App03.csproj", "{DFA555A5-5AAA-43CC-9691-5108011EE38B}"
EndProject
Global
	GlobalSection(SolutionConfigurationPlatforms) = preSolution
		Debug|Any CPU = Debug|Any CPU
		Release|Any CPU = Release|Any CPU
	EndGlobalSection
	GlobalSection(ProjectConfigurationPlatforms) = postSolution
		{DFA555A5-5AAA-43CC-9691-5108011EE38B}.Debug|Any CPU.ActiveCfg = Debug|Any CPU
		{DFA555A5-5AAA-43CC-9691-5108011EE38B}.Debug|Any CPU.Build.0 = Debug|Any CPU
		{DFA555A5-5AAA-43CC-9691-5108011EE38B}.Release|Any CPU.ActiveCfg = Release|Any CPU
		{DFA555A5-5AAA-43CC-9691-5108011EE38B}.Release|Any CPU.Build.0 = Release|Any CPU
	EndGlobalSection
	GlobalSection(SolutionProperties) = preSolution
		HideSolutionNode = FALSE
	EndGlobalSection
	GlobalSection(ExtensibilityGlobals) = postSolution
		SolutionGuid = {BF9EB119-8583-435F-A95A-08FB3FEA6821}
	EndGlobalSection
EndGlobal
