
Microsoft Visual Studio Solution File, Format Version 12.00
# Visual Studio Version 17
VisualStudioVersion = 17.6.33723.286
MinimumVisualStudioVersion = 10.0.40219.1
Project("{FAE04EC0-301F-11D3-BF4B-00C04F79EFBC}") = "App12", "App12\App12.csproj", "{2BDD6FD0-0E8F-4C34-B804-70F8DF01DC8D}"
EndProject
Global
	GlobalSection(SolutionConfigurationPlatforms) = preSolution
		Debug|Any CPU = Debug|Any CPU
		Release|Any CPU = Release|Any CPU
	EndGlobalSection
	GlobalSection(ProjectConfigurationPlatforms) = postSolution
		{2BDD6FD0-0E8F-4C34-B804-70F8DF01DC8D}.Debug|Any CPU.ActiveCfg = Debug|Any CPU
		{2BDD6FD0-0E8F-4C34-B804-70F8DF01DC8D}.Debug|Any CPU.Build.0 = Debug|Any CPU
		{2BDD6FD0-0E8F-4C34-B804-70F8DF01DC8D}.Release|Any CPU.ActiveCfg = Release|Any CPU
		{2BDD6FD0-0E8F-4C34-B804-70F8DF01DC8D}.Release|Any CPU.Build.0 = Release|Any CPU
	EndGlobalSection
	GlobalSection(SolutionProperties) = preSolution
		HideSolutionNode = FALSE
	EndGlobalSection
	GlobalSection(ExtensibilityGlobals) = postSolution
		SolutionGuid = {C58C18B5-9814-46BA-958E-503AF86599D5}
	EndGlobalSection
EndGlobal
