
Microsoft Visual Studio Solution File, Format Version 12.00
# Visual Studio Version 17
VisualStudioVersion = 17.6.33723.286
MinimumVisualStudioVersion = 10.0.40219.1
Project("{FAE04EC0-301F-11D3-BF4B-00C04F79EFBC}") = "App04", "App04\App04.csproj", "{82157C44-3FBE-4E73-8D07-9C64DED237B9}"
EndProject
Global
	GlobalSection(SolutionConfigurationPlatforms) = preSolution
		Debug|Any CPU = Debug|Any CPU
		Release|Any CPU = Release|Any CPU
	EndGlobalSection
	GlobalSection(ProjectConfigurationPlatforms) = postSolution
		{82157C44-3FBE-4E73-8D07-9C64DED237B9}.Debug|Any CPU.ActiveCfg = Debug|Any CPU
		{82157C44-3FBE-4E73-8D07-9C64DED237B9}.Debug|Any CPU.Build.0 = Debug|Any CPU
		{82157C44-3FBE-4E73-8D07-9C64DED237B9}.Release|Any CPU.ActiveCfg = Release|Any CPU
		{82157C44-3FBE-4E73-8D07-9C64DED237B9}.Release|Any CPU.Build.0 = Release|Any CPU
	EndGlobalSection
	GlobalSection(SolutionProperties) = preSolution
		HideSolutionNode = FALSE
	EndGlobalSection
	GlobalSection(ExtensibilityGlobals) = postSolution
		SolutionGuid = {259DA8F7-D3FD-408E-B5F5-45CE0856524A}
	EndGlobalSection
EndGlobal
